
Microsoft Visual Studio Solution File, Format Version 12.00
# Visual Studio Version 17
VisualStudioVersion = 17.1.32228.430
MinimumVisualStudioVersion = 10.0.40219.1
Project("{FAE04EC0-301F-11D3-BF4B-00C04F79EFBC}") = "Shop", "Shop.csproj", "{D2FE734E-B4EE-4444-ADC0-569D29F45846}"
EndProject
Global
	GlobalSection(SolutionConfigurationPlatforms) = preSolution
		Debug|Any CPU = Debug|Any CPU
		Release|Any CPU = Release|Any CPU
	EndGlobalSection
	GlobalSection(ProjectConfigurationPlatforms) = postSolution
		{D2FE734E-B4EE-4444-ADC0-569D29F45846}.Debug|Any CPU.ActiveCfg = Debug|Any CPU
		{D2FE734E-B4EE-4444-ADC0-569D29F45846}.Debug|Any CPU.Build.0 = Debug|Any CPU
		{D2FE734E-B4EE-4444-ADC0-569D29F45846}.Release|Any CPU.ActiveCfg = Release|Any CPU
		{D2FE734E-B4EE-4444-ADC0-569D29F45846}.Release|Any CPU.Build.0 = Release|Any CPU
	EndGlobalSection
	GlobalSection(SolutionProperties) = preSolution
		HideSolutionNode = FALSE
	EndGlobalSection
	GlobalSection(ExtensibilityGlobals) = postSolution
		SolutionGuid = {CDE64D06-A831-4DD7-8F0A-495ECAF8592D}
	EndGlobalSection
EndGlobal
